
Microsoft Visual Studio Solution File, Format Version 12.00
# Visual Studio Version 17
VisualStudioVersion = 17.4.33205.214
MinimumVisualStudioVersion = 10.0.40219.1
Project("{FAE04EC0-301F-11D3-BF4B-00C04F79EFBC}") = "hw", "hw\hw.csproj", "{318184CE-250B-4E75-938B-A392972B5D4D}"
EndProject
Global
	GlobalSection(SolutionConfigurationPlatforms) = preSolution
		Debug|Any CPU = Debug|Any CPU
		Release|Any CPU = Release|Any CPU
	EndGlobalSection
	GlobalSection(ProjectConfigurationPlatforms) = postSolution
		{318184CE-250B-4E75-938B-A392972B5D4D}.Debug|Any CPU.ActiveCfg = Debug|Any CPU
		{318184CE-250B-4E75-938B-A392972B5D4D}.Debug|Any CPU.Build.0 = Debug|Any CPU
		{318184CE-250B-4E75-938B-A392972B5D4D}.Release|Any CPU.ActiveCfg = Release|Any CPU
		{318184CE-250B-4E75-938B-A392972B5D4D}.Release|Any CPU.Build.0 = Release|Any CPU
	EndGlobalSection
	GlobalSection(SolutionProperties) = preSolution
		HideSolutionNode = FALSE
	EndGlobalSection
	GlobalSection(ExtensibilityGlobals) = postSolution
		SolutionGuid = {9AB51F4D-1F6D-44FA-86C1-63A5D12BBDCB}
	EndGlobalSection
EndGlobal
